{
  "name": "@simrail-sdk/core",
  "version": "0.1.1",
  "lockfileVersion": 3,
  "requires": true,
  "packages": {
    "": {
      "name": "@simrail-sdk/core",
      "version": "0.1.1",
      "license": "See LICENSE.md",
      "dependencies": {
        "@simrail-sdk/api": "^0.1.0",
        "rxjs": "^7.8.1"
      },
      "devDependencies": {
        "@simrail-sdk/core-setup-pl": "^0.1.1",
        "@types/node": "^22.1.0",
        "typescript": "^5.5.4"
      }
    },
    "node_modules/@simrail-sdk/api": {
      "version": "0.1.0",
      "resolved": "https://registry.npmjs.org/@simrail-sdk/api/-/api-0.1.0.tgz",
      "integrity": "sha512-I55DHy4Zaj1GXca9S7a/HwVPgBX4eJK6HwUjemXbUM/v7fBEx68xGC9ckHlGAfq1ZEarxpIcwhNHQLZhiwRmQg==",
      "dependencies": {
        "@simrail-sdk/api-core-node": "^0.1.0",
        "remove-accents": "^0.5.0",
        "rxjs": "^7.8.1"
      }
    },
    "node_modules/@simrail-sdk/api-core-node": {
      "version": "0.1.1",
      "resolved": "https://registry.npmjs.org/@simrail-sdk/api-core-node/-/api-core-node-0.1.1.tgz",
      "integrity": "sha512-d+WrwRGznFcUaTfjnpDXtmPcnriIapU9KpibSnbgd8dkLd/i+1F0Z2I0ZNnhxWM7YzxzVWF9TSNO4z/R4ojnfA=="
    },
    "node_modules/@simrail-sdk/core-setup-pl": {
      "version": "0.1.1",
      "resolved": "https://registry.npmjs.org/@simrail-sdk/core-setup-pl/-/core-setup-pl-0.1.1.tgz",
      "integrity": "sha512-IyaFTr1ezhRS3uqNMLClS3zSq/R0r1WFxV1FtNR27oVfZd9pmYHQkyfiUppcu+nsI3p6bN6aWVkH6cGxHiGbgw==",
      "dev": true
    },
    "node_modules/@types/node": {
      "version": "22.1.0",
      "resolved": "https://registry.npmjs.org/@types/node/-/node-22.1.0.tgz",
      "integrity": "sha512-AOmuRF0R2/5j1knA3c6G3HOk523Ga+l+ZXltX8SF1+5oqcXijjfTd8fY3XRZqSihEu9XhtQnKYLmkFaoxgsJHw==",
      "dev": true,
      "dependencies": {
        "undici-types": "~6.13.0"
      }
    },
    "node_modules/remove-accents": {
      "version": "0.5.0",
      "resolved": "https://registry.npmjs.org/remove-accents/-/remove-accents-0.5.0.tgz",
      "integrity": "sha512-8g3/Otx1eJaVD12e31UbJj1YzdtVvzH85HV7t+9MJYk/u3XmkOUJ5Ys9wQrf9PCPK8+xn4ymzqYCiZl6QWKn+A=="
    },
    "node_modules/rxjs": {
      "version": "7.8.1",
      "resolved": "https://registry.npmjs.org/rxjs/-/rxjs-7.8.1.tgz",
      "integrity": "sha512-AA3TVj+0A2iuIoQkWEK/tqFjBq2j+6PO6Y0zJcvzLAFhEFIO3HL0vls9hWLncZbAAbK0mar7oZ4V079I/qPMxg==",
      "dependencies": {
        "tslib": "^2.1.0"
      }
    },
    "node_modules/tslib": {
      "version": "2.6.3",
      "resolved": "https://registry.npmjs.org/tslib/-/tslib-2.6.3.tgz",
      "integrity": "sha512-xNvxJEOUiWPGhUuUdQgAJPKOOJfGnIyKySOc09XkKsgdUV/3E2zvwZYdejjmRgPCgcym1juLH3226yA7sEFJKQ=="
    },
    "node_modules/typescript": {
      "version": "5.5.4",
      "resolved": "https://registry.npmjs.org/typescript/-/typescript-5.5.4.tgz",
      "integrity": "sha512-Mtq29sKDAEYP7aljRgtPOpTvOfbwRWlS6dPRzwjdE+C0R4brX/GUyhHSecbHMFLNBLcJIPt9nl9yG5TZ1weH+Q==",
      "dev": true,
      "bin": {
        "tsc": "bin/tsc",
        "tsserver": "bin/tsserver"
      },
      "engines": {
        "node": ">=14.17"
      }
    },
    "node_modules/undici-types": {
      "version": "6.13.0",
      "resolved": "https://registry.npmjs.org/undici-types/-/undici-types-6.13.0.tgz",
      "integrity": "sha512-xtFJHudx8S2DSoujjMd1WeWvn7KKWFRESZTMeL1RptAYERu29D6jphMjjY+vn96jvN3kVPDNxU/E13VTaXj6jg==",
      "dev": true
    }
  }
}
